
Microsoft Visual Studio Solution File, Format Version 12.00
# Visual Studio Version 16
VisualStudioVersion = 16.0.30114.105
MinimumVisualStudioVersion = 10.0.40219.1
Project("{FAE04EC0-301F-11D3-BF4B-00C04F79EFBC}") = "TPBolillero.Core", "TPBolillero.Core\TPBolillero.Core.csproj", "{59DBAFCA-42E1-491F-85D3-27AF8F16882E}"
EndProject
Project("{FAE04EC0-301F-11D3-BF4B-00C04F79EFBC}") = "TPBolillero.Test", "TPBolillero.Test\TPBolillero.Test.csproj", "{2AA0606F-7EB8-4729-B546-221F19D5AE06}"
EndProject
Global
	GlobalSection(SolutionProperties) = preSolution
		HideSolutionNode = FALSE
	EndGlobalSection
	GlobalSection(SolutionConfigurationPlatforms) = preSolution
		Debug|Any CPU = Debug|Any CPU
		Debug|x64 = Debug|x64
		Debug|x86 = Debug|x86
		Release|Any CPU = Release|Any CPU
		Release|x64 = Release|x64
		Release|x86 = Release|x86
	EndGlobalSection
	GlobalSection(ProjectConfigurationPlatforms) = postSolution
		{59DBAFCA-42E1-491F-85D3-27AF8F16882E}.Debug|Any CPU.ActiveCfg = Debug|Any CPU
		{59DBAFCA-42E1-491F-85D3-27AF8F16882E}.Debug|Any CPU.Build.0 = Debug|Any CPU
		{59DBAFCA-42E1-491F-85D3-27AF8F16882E}.Debug|x64.ActiveCfg = Debug|Any CPU
		{59DBAFCA-42E1-491F-85D3-27AF8F16882E}.Debug|x64.Build.0 = Debug|Any CPU
		{59DBAFCA-42E1-491F-85D3-27AF8F16882E}.Debug|x86.ActiveCfg = Debug|Any CPU
		{59DBAFCA-42E1-491F-85D3-27AF8F16882E}.Debug|x86.Build.0 = Debug|Any CPU
		{59DBAFCA-42E1-491F-85D3-27AF8F16882E}.Release|Any CPU.ActiveCfg = Release|Any CPU
		{59DBAFCA-42E1-491F-85D3-27AF8F16882E}.Release|Any CPU.Build.0 = Release|Any CPU
		{59DBAFCA-42E1-491F-85D3-27AF8F16882E}.Release|x64.ActiveCfg = Release|Any CPU
		{59DBAFCA-42E1-491F-85D3-27AF8F16882E}.Release|x64.Build.0 = Release|Any CPU
		{59DBAFCA-42E1-491F-85D3-27AF8F16882E}.Release|x86.ActiveCfg = Release|Any CPU
		{59DBAFCA-42E1-491F-85D3-27AF8F16882E}.Release|x86.Build.0 = Release|Any CPU
		{2AA0606F-7EB8-4729-B546-221F19D5AE06}.Debug|Any CPU.ActiveCfg = Debug|Any CPU
		{2AA0606F-7EB8-4729-B546-221F19D5AE06}.Debug|Any CPU.Build.0 = Debug|Any CPU
		{2AA0606F-7EB8-4729-B546-221F19D5AE06}.Debug|x64.ActiveCfg = Debug|Any CPU
		{2AA0606F-7EB8-4729-B546-221F19D5AE06}.Debug|x64.Build.0 = Debug|Any CPU
		{2AA0606F-7EB8-4729-B546-221F19D5AE06}.Debug|x86.ActiveCfg = Debug|Any CPU
		{2AA0606F-7EB8-4729-B546-221F19D5AE06}.Debug|x86.Build.0 = Debug|Any CPU
		{2AA0606F-7EB8-4729-B546-221F19D5AE06}.Release|Any CPU.ActiveCfg = Release|Any CPU
		{2AA0606F-7EB8-4729-B546-221F19D5AE06}.Release|Any CPU.Build.0 = Release|Any CPU
		{2AA0606F-7EB8-4729-B546-221F19D5AE06}.Release|x64.ActiveCfg = Release|Any CPU
		{2AA0606F-7EB8-4729-B546-221F19D5AE06}.Release|x64.Build.0 = Release|Any CPU
		{2AA0606F-7EB8-4729-B546-221F19D5AE06}.Release|x86.ActiveCfg = Release|Any CPU
		{2AA0606F-7EB8-4729-B546-221F19D5AE06}.Release|x86.Build.0 = Release|Any CPU
	EndGlobalSection
EndGlobal
